
Microsoft Visual Studio Solution File, Format Version 12.00
# Visual Studio Version 17
VisualStudioVersion = 17.6.33815.320
MinimumVisualStudioVersion = 10.0.40219.1
Project("{FAE04EC0-301F-11D3-BF4B-00C04F79EFBC}") = "OnlineShoppingCart", "OnlineShoppingCart.csproj", "{04E432B3-01E1-4D11-904D-8C92A5E0A2B0}"
EndProject
Global
	GlobalSection(SolutionConfigurationPlatforms) = preSolution
		Debug|Any CPU = Debug|Any CPU
		Release|Any CPU = Release|Any CPU
	EndGlobalSection
	GlobalSection(ProjectConfigurationPlatforms) = postSolution
		{04E432B3-01E1-4D11-904D-8C92A5E0A2B0}.Debug|Any CPU.ActiveCfg = Debug|Any CPU
		{04E432B3-01E1-4D11-904D-8C92A5E0A2B0}.Debug|Any CPU.Build.0 = Debug|Any CPU
		{04E432B3-01E1-4D11-904D-8C92A5E0A2B0}.Release|Any CPU.ActiveCfg = Release|Any CPU
		{04E432B3-01E1-4D11-904D-8C92A5E0A2B0}.Release|Any CPU.Build.0 = Release|Any CPU
	EndGlobalSection
	GlobalSection(SolutionProperties) = preSolution
		HideSolutionNode = FALSE
	EndGlobalSection
	GlobalSection(ExtensibilityGlobals) = postSolution
		SolutionGuid = {57D4244F-30A3-4CCB-8A1B-980ADA18F008}
	EndGlobalSection
EndGlobal
