
Microsoft Visual Studio Solution File, Format Version 12.00
# Visual Studio Version 17
VisualStudioVersion = 17.6.33815.320
MinimumVisualStudioVersion = 10.0.40219.1
Project("{FAE04EC0-301F-11D3-BF4B-00C04F79EFBC}") = "StudentGradingSystemWithExceptionHandling", "StudentGradingSystemWithExceptionHandling.csproj", "{96987A1B-6C18-48F1-97E5-C81475DC59C5}"
EndProject
Global
	GlobalSection(SolutionConfigurationPlatforms) = preSolution
		Debug|Any CPU = Debug|Any CPU
		Release|Any CPU = Release|Any CPU
	EndGlobalSection
	GlobalSection(ProjectConfigurationPlatforms) = postSolution
		{96987A1B-6C18-48F1-97E5-C81475DC59C5}.Debug|Any CPU.ActiveCfg = Debug|Any CPU
		{96987A1B-6C18-48F1-97E5-C81475DC59C5}.Debug|Any CPU.Build.0 = Debug|Any CPU
		{96987A1B-6C18-48F1-97E5-C81475DC59C5}.Release|Any CPU.ActiveCfg = Release|Any CPU
		{96987A1B-6C18-48F1-97E5-C81475DC59C5}.Release|Any CPU.Build.0 = Release|Any CPU
	EndGlobalSection
	GlobalSection(SolutionProperties) = preSolution
		HideSolutionNode = FALSE
	EndGlobalSection
	GlobalSection(ExtensibilityGlobals) = postSolution
		SolutionGuid = {0ABE8942-594B-49DF-A74C-E50484EB573E}
	EndGlobalSection
EndGlobal
