
Microsoft Visual Studio Solution File, Format Version 12.00
# Visual Studio Version 17
VisualStudioVersion = 17.6.33815.320
MinimumVisualStudioVersion = 10.0.40219.1
Project("{FAE04EC0-301F-11D3-BF4B-00C04F79EFBC}") = "EmployeesHierarchy", "EmployeesHierarchy.csproj", "{56294264-6F82-4C52-AA66-F84874BFE5DA}"
EndProject
Global
	GlobalSection(SolutionConfigurationPlatforms) = preSolution
		Debug|Any CPU = Debug|Any CPU
		Release|Any CPU = Release|Any CPU
	EndGlobalSection
	GlobalSection(ProjectConfigurationPlatforms) = postSolution
		{56294264-6F82-4C52-AA66-F84874BFE5DA}.Debug|Any CPU.ActiveCfg = Debug|Any CPU
		{56294264-6F82-4C52-AA66-F84874BFE5DA}.Debug|Any CPU.Build.0 = Debug|Any CPU
		{56294264-6F82-4C52-AA66-F84874BFE5DA}.Release|Any CPU.ActiveCfg = Release|Any CPU
		{56294264-6F82-4C52-AA66-F84874BFE5DA}.Release|Any CPU.Build.0 = Release|Any CPU
	EndGlobalSection
	GlobalSection(SolutionProperties) = preSolution
		HideSolutionNode = FALSE
	EndGlobalSection
	GlobalSection(ExtensibilityGlobals) = postSolution
		SolutionGuid = {9C4C4599-8101-472A-AAA1-160E72787933}
	EndGlobalSection
EndGlobal
