
Microsoft Visual Studio Solution File, Format Version 12.00
# Visual Studio Version 17
VisualStudioVersion = 17.6.33815.320
MinimumVisualStudioVersion = 10.0.40219.1
Project("{FAE04EC0-301F-11D3-BF4B-00C04F79EFBC}") = "StudentRecordManagement", "StudentRecordManagement.csproj", "{9F524AC8-5572-4CE7-B192-00AFAA471686}"
EndProject
Global
	GlobalSection(SolutionConfigurationPlatforms) = preSolution
		Debug|Any CPU = Debug|Any CPU
		Release|Any CPU = Release|Any CPU
	EndGlobalSection
	GlobalSection(ProjectConfigurationPlatforms) = postSolution
		{9F524AC8-5572-4CE7-B192-00AFAA471686}.Debug|Any CPU.ActiveCfg = Debug|Any CPU
		{9F524AC8-5572-4CE7-B192-00AFAA471686}.Debug|Any CPU.Build.0 = Debug|Any CPU
		{9F524AC8-5572-4CE7-B192-00AFAA471686}.Release|Any CPU.ActiveCfg = Release|Any CPU
		{9F524AC8-5572-4CE7-B192-00AFAA471686}.Release|Any CPU.Build.0 = Release|Any CPU
	EndGlobalSection
	GlobalSection(SolutionProperties) = preSolution
		HideSolutionNode = FALSE
	EndGlobalSection
	GlobalSection(ExtensibilityGlobals) = postSolution
		SolutionGuid = {B6A8F05D-4E37-452D-900F-59DC4E3FAFC8}
	EndGlobalSection
EndGlobal
